// !$*UTF8*$!
{
	archiveVersion = 1;
	classes = {
	};
	objectVersion = 50;
	objects = {

/* Begin PBXBuildFile section */
		257E398B40C08256B6CFEDDA /* Pods_StreamAudioTest.framework in Frameworks */ = {isa = PBXBuildFile; fileRef = 216F3B539E792C6150192357 /* Pods_StreamAudioTest.framework */; };
		550195252177F6FA00B524EA /* AppDelegate.swift in Sources */ = {isa = PBXBuildFile; fileRef = 550195242177F6FA00B524EA /* AppDelegate.swift */; };
		550195272177F6FA00B524EA /* ViewController.swift in Sources */ = {isa = PBXBuildFile; fileRef = 550195262177F6FA00B524EA /* ViewController.swift */; };
		5501952A2177F6FA00B524EA /* Main.storyboard in Resources */ = {isa = PBXBuildFile; fileRef = 550195282177F6FA00B524EA /* Main.storyboard */; };
		5501952C2177F6FB00B524EA /* Assets.xcassets in Resources */ = {isa = PBXBuildFile; fileRef = 5501952B2177F6FB00B524EA /* Assets.xcassets */; };
		5501952F2177F6FB00B524EA /* LaunchScreen.storyboard in Resources */ = {isa = PBXBuildFile; fileRef = 5501952D2177F6FB00B524EA /* LaunchScreen.storyboard */; };
		550195372177F74300B524EA /* GoogleService-Info.plist in Resources */ = {isa = PBXBuildFile; fileRef = 550195362177F74300B524EA /* GoogleService-Info.plist */; };
/* End PBXBuildFile section */

/* Begin PBXFileReference section */
		216F3B539E792C6150192357 /* Pods_StreamAudioTest.framework */ = {isa = PBXFileReference; explicitFileType = wrapper.framework; includeInIndex = 0; path = Pods_StreamAudioTest.framework; sourceTree = BUILT_PRODUCTS_DIR; };
		3874071535BBB4B8FF42ADA5 /* Pods-StreamAudioTest.release.xcconfig */ = {isa = PBXFileReference; includeInIndex = 1; lastKnownFileType = text.xcconfig; name = "Pods-StreamAudioTest.release.xcconfig"; path = "Pods/Target Support Files/Pods-StreamAudioTest/Pods-StreamAudioTest.release.xcconfig"; sourceTree = "<group>"; };
		550195212177F6FA00B524EA /* StreamAudioTest.app */ = {isa = PBXFileReference; explicitFileType = wrapper.application; includeInIndex = 0; path = StreamAudioTest.app; sourceTree = BUILT_PRODUCTS_DIR; };
		550195242177F6FA00B524EA /* AppDelegate.swift */ = {isa = PBXFileReference; lastKnownFileType = sourcecode.swift; path = AppDelegate.swift; sourceTree = "<group>"; };
		550195262177F6FA00B524EA /* ViewController.swift */ = {isa = PBXFileReference; lastKnownFileType = sourcecode.swift; path = ViewController.swift; sourceTree = "<group>"; };
		550195292177F6FA00B524EA /* Base */ = {isa = PBXFileReference; lastKnownFileType = file.storyboard; name = Base; path = Base.lproj/Main.storyboard; sourceTree = "<group>"; };
		5501952B2177F6FB00B524EA /* Assets.xcassets */ = {isa = PBXFileReference; lastKnownFileType = folder.assetcatalog; path = Assets.xcassets; sourceTree = "<group>"; };
		5501952E2177F6FB00B524EA /* Base */ = {isa = PBXFileReference; lastKnownFileType = file.storyboard; name = Base; path = Base.lproj/LaunchScreen.storyboard; sourceTree = "<group>"; };
		550195302177F6FB00B524EA /* Info.plist */ = {isa = PBXFileReference; lastKnownFileType = text.plist.xml; path = Info.plist; sourceTree = "<group>"; };
		550195362177F74300B524EA /* GoogleService-Info.plist */ = {isa = PBXFileReference; fileEncoding = 4; lastKnownFileType = text.plist.xml; path = "GoogleService-Info.plist"; sourceTree = "<group>"; };
		C8B7E4C8ED0FCB4BF6212EF5 /* Pods-StreamAudioTest.debug.xcconfig */ = {isa = PBXFileReference; includeInIndex = 1; lastKnownFileType = text.xcconfig; name = "Pods-StreamAudioTest.debug.xcconfig"; path = "Pods/Target Support Files/Pods-StreamAudioTest/Pods-StreamAudioTest.debug.xcconfig"; sourceTree = "<group>"; };
/* End PBXFileReference section */

/* Begin PBXFrameworksBuildPhase section */
		5501951E2177F6FA00B524EA /* Frameworks */ = {
			isa = PBXFrameworksBuildPhase;
			buildActionMask = 2147483647;
			files = (
				257E398B40C08256B6CFEDDA /* Pods_StreamAudioTest.framework in Frameworks */,
			);
			runOnlyForDeploymentPostprocessing = 0;
		};
/* End PBXFrameworksBuildPhase section */

/* Begin PBXGroup section */
		550195182177F6FA00B524EA = {
			isa = PBXGroup;
			children = (
				550195232177F6FA00B524EA /* StreamAudioTest */,
				550195222177F6FA00B524EA /* Products */,
				8DD1BAE7AD8333AD0B1430E9 /* Pods */,
				732E9DE25565041E8EA45E23 /* Frameworks */,
			);
			sourceTree = "<group>";
		};
		550195222177F6FA00B524EA /* Products */ = {
			isa = PBXGroup;
			children = (
				550195212177F6FA00B524EA /* StreamAudioTest.app */,
			);
			name = Products;
			sourceTree = "<group>";
		};
		550195232177F6FA00B524EA /* StreamAudioTest */ = {
			isa = PBXGroup;
			children = (
				550195242177F6FA00B524EA /* AppDelegate.swift */,
				550195262177F6FA00B524EA /* ViewController.swift */,
				550195282177F6FA00B524EA /* Main.storyboard */,
				5501952B2177F6FB00B524EA /* Assets.xcassets */,
				5501952D2177F6FB00B524EA /* LaunchScreen.storyboard */,
				550195302177F6FB00B524EA /* Info.plist */,
				550195362177F74300B524EA /* GoogleService-Info.plist */,
			);
			path = StreamAudioTest;
			sourceTree = "<group>";
		};
		732E9DE25565041E8EA45E23 /* Frameworks */ = {
			isa = PBXGroup;
			children = (
				216F3B539E792C6150192357 /* Pods_StreamAudioTest.framework */,
			);
			name = Frameworks;
			sourceTree = "<group>";
		};
		8DD1BAE7AD8333AD0B1430E9 /* Pods */ = {
			isa = PBXGroup;
			children = (
				C8B7E4C8ED0FCB4BF6212EF5 /* Pods-StreamAudioTest.debug.xcconfig */,
				3874071535BBB4B8FF42ADA5 /* Pods-StreamAudioTest.release.xcconfig */,
			);
			name = Pods;
			sourceTree = "<group>";
		};
/* End PBXGroup section */

/* Begin PBXNativeTarget section */
		550195202177F6FA00B524EA /* StreamAudioTest */ = {
			isa = PBXNativeTarget;
			buildConfigurationList = 550195332177F6FB00B524EA /* Build configuration list for PBXNativeTarget "StreamAudioTest" */;
			buildPhases = (
				8DA2B67590C2D762BD679C43 /* [CP] Check Pods Manifest.lock */,
				5501951D2177F6FA00B524EA /* Sources */,
				5501951E2177F6FA00B524EA /* Frameworks */,
				5501951F2177F6FA00B524EA /* Resources */,
				40B87BDC87A40CB011200131 /* [CP] Embed Pods Frameworks */,
			);
			buildRules = (
			);
			dependencies = (
			);
			name = StreamAudioTest;
			productName = StreamAudioTest;
			productReference = 550195212177F6FA00B524EA /* StreamAudioTest.app */;
			productType = "com.apple.product-type.application";
		};
/* End PBXNativeTarget section */

/* Begin PBXProject section */
		550195192177F6FA00B524EA /* Project object */ = {
			isa = PBXProject;
			attributes = {
				LastSwiftUpdateCheck = 1000;
				LastUpgradeCheck = 1000;
				ORGANIZATIONNAME = "High Tree Development";
				TargetAttributes = {
					550195202177F6FA00B524EA = {
						CreatedOnToolsVersion = 10.0;
					};
				};
			};
			buildConfigurationList = 5501951C2177F6FA00B524EA /* Build configuration list for PBXProject "StreamAudioTest" */;
			compatibilityVersion = "Xcode 9.3";
			developmentRegion = en;
			hasScannedForEncodings = 0;
			knownRegions = (
				en,
				Base,
			);
			mainGroup = 550195182177F6FA00B524EA;
			productRefGroup = 550195222177F6FA00B524EA /* Products */;
			projectDirPath = "";
			projectRoot = "";
			targets = (
				550195202177F6FA00B524EA /* StreamAudioTest */,
			);
		};
/* End PBXProject section */

/* Begin PBXResourcesBuildPhase section */
		5501951F2177F6FA00B524EA /* Resources */ = {
			isa = PBXResourcesBuildPhase;
			buildActionMask = 2147483647;
			files = (
				5501952F2177F6FB00B524EA /* LaunchScreen.storyboard in Resources */,
				550195372177F74300B524EA /* GoogleService-Info.plist in Resources */,
				5501952C2177F6FB00B524EA /* Assets.xcassets in Resources */,
				5501952A2177F6FA00B524EA /* Main.storyboard in Resources */,
			);
			runOnlyForDeploymentPostprocessing = 0;
		};
/* End PBXResourcesBuildPhase section */

/* Begin PBXShellScriptBuildPhase section */
		40B87BDC87A40CB011200131 /* [CP] Embed Pods Frameworks */ = {
			isa = PBXShellScriptBuildPhase;
			buildActionMask = 2147483647;
			files = (
			);
			inputPaths = (
				"${SRCROOT}/Pods/Target Support Files/Pods-StreamAudioTest/Pods-StreamAudioTest-frameworks.sh",
				"${BUILT_PRODUCTS_DIR}/GoogleUtilities/GoogleUtilities.framework",
				"${BUILT_PRODUCTS_DIR}/nanopb/nanopb.framework",
			);
			name = "[CP] Embed Pods Frameworks";
			outputPaths = (
				"${TARGET_BUILD_DIR}/${FRAMEWORKS_FOLDER_PATH}/GoogleUtilities.framework",
				"${TARGET_BUILD_DIR}/${FRAMEWORKS_FOLDER_PATH}/nanopb.framework",
			);
			runOnlyForDeploymentPostprocessing = 0;
			shellPath = /bin/sh;
			shellScript = "\"${SRCROOT}/Pods/Target Support Files/Pods-StreamAudioTest/Pods-StreamAudioTest-frameworks.sh\"\n";
			showEnvVarsInLog = 0;
		};
		8DA2B67590C2D762BD679C43 /* [CP] Check Pods Manifest.lock */ = {
			isa = PBXShellScriptBuildPhase;
			buildActionMask = 2147483647;
			files = (
			);
			inputPaths = (
				"${PODS_PODFILE_DIR_PATH}/Podfile.lock",
				"${PODS_ROOT}/Manifest.lock",
			);
			name = "[CP] Check Pods Manifest.lock";
			outputPaths = (
				"$(DERIVED_FILE_DIR)/Pods-StreamAudioTest-checkManifestLockResult.txt",
			);
			runOnlyForDeploymentPostprocessing = 0;
			shellPath = /bin/sh;
			shellScript = "diff \"${PODS_PODFILE_DIR_PATH}/Podfile.lock\" \"${PODS_ROOT}/Manifest.lock\" > /dev/null\nif [ $? != 0 ] ; then\n    # print error to STDERR\n    echo \"error: The sandbox is not in sync with the Podfile.lock. Run 'pod install' or update your CocoaPods installation.\" >&2\n    exit 1\nfi\n# This output is used by Xcode 'outputs' to avoid re-running this script phase.\necho \"SUCCESS\" > \"${SCRIPT_OUTPUT_FILE_0}\"\n";
			showEnvVarsInLog = 0;
		};
/* End PBXShellScriptBuildPhase section */

/* Begin PBXSourcesBuildPhase section */
		5501951D2177F6FA00B524EA /* Sources */ = {
			isa = PBXSourcesBuildPhase;
			buildActionMask = 2147483647;
			files = (
				550195272177F6FA00B524EA /* ViewController.swift in Sources */,
				550195252177F6FA00B524EA /* AppDelegate.swift in Sources */,
			);
			runOnlyForDeploymentPostprocessing = 0;
		};
/* End PBXSourcesBuildPhase section */

/* Begin PBXVariantGroup section */
		550195282177F6FA00B524EA /* Main.storyboard */ = {
			isa = PBXVariantGroup;
			children = (
				550195292177F6FA00B524EA /* Base */,
			);
			name = Main.storyboard;
			sourceTree = "<group>";
		};
		5501952D2177F6FB00B524EA /* LaunchScreen.storyboard */ = {
			isa = PBXVariantGroup;
			children = (
				5501952E2177F6FB00B524EA /* Base */,
			);
			name = LaunchScreen.storyboard;
			sourceTree = "<group>";
		};
/* End PBXVariantGroup section */

/* Begin XCBuildConfiguration section */
		550195312177F6FB00B524EA /* Debug */ = {
			isa = XCBuildConfiguration;
			buildSettings = {
				ALWAYS_SEARCH_USER_PATHS = NO;
				CLANG_ANALYZER_NONNULL = YES;
				CLANG_ANALYZER_NUMBER_OBJECT_CONVERSION = YES_AGGRESSIVE;
				CLANG_CXX_LANGUAGE_STANDARD = "gnu++14";
				CLANG_CXX_LIBRARY = "libc++";
				CLANG_ENABLE_MODULES = YES;
				CLANG_ENABLE_OBJC_ARC = YES;
				CLANG_ENABLE_OBJC_WEAK = YES;
				CLANG_WARN_BLOCK_CAPTURE_AUTORELEASING = YES;
				CLANG_WARN_BOOL_CONVERSION = YES;
				CLANG_WARN_COMMA = YES;
				CLANG_WARN_CONSTANT_CONVERSION = YES;
				CLANG_WARN_DEPRECATED_OBJC_IMPLEMENTATIONS = YES;
				CLANG_WARN_DIRECT_OBJC_ISA_USAGE = YES_ERROR;
				CLANG_WARN_DOCUMENTATION_COMMENTS = YES;
				CLANG_WARN_EMPTY_BODY = YES;
				CLANG_WARN_ENUM_CONVERSION = YES;
				CLANG_WARN_INFINITE_RECURSION = YES;
				CLANG_WARN_INT_CONVERSION = YES;
				CLANG_WARN_NON_LITERAL_NULL_CONVERSION = YES;
				CLANG_WARN_OBJC_IMPLICIT_RETAIN_SELF = YES;
				CLANG_WARN_OBJC_LITERAL_CONVERSION = YES;
				CLANG_WARN_OBJC_ROOT_CLASS = YES_ERROR;
				CLANG_WARN_RANGE_LOOP_ANALYSIS = YES;
				CLANG_WARN_STRICT_PROTOTYPES = YES;
				CLANG_WARN_SUSPICIOUS_MOVE = YES;
				CLANG_WARN_UNGUARDED_AVAILABILITY = YES_AGGRESSIVE;
				CLANG_WARN_UNREACHABLE_CODE = YES;
				CLANG_WARN__DUPLICATE_METHOD_MATCH = YES;
				CODE_SIGN_IDENTITY = "iPhone Developer";
				COPY_PHASE_STRIP = NO;
				DEBUG_INFORMATION_FORMAT = dwarf;
				ENABLE_STRICT_OBJC_MSGSEND = YES;
				ENABLE_TESTABILITY = YES;
				GCC_C_LANGUAGE_STANDARD = gnu11;
				GCC_DYNAMIC_NO_PIC = NO;
				GCC_NO_COMMON_BLOCKS = YES;
				GCC_OPTIMIZATION_LEVEL = 0;
				GCC_PREPROCESSOR_DEFINITIONS = (
					"DEBUG=1",
					"$(inherited)",
				);
				GCC_WARN_64_TO_32_BIT_CONVERSION = YES;
				GCC_WARN_ABOUT_RETURN_TYPE = YES_ERROR;
				GCC_WARN_UNDECLARED_SELECTOR = YES;
				GCC_WARN_UNINITIALIZED_AUTOS = YES_AGGRESSIVE;
				GCC_WARN_UNUSED_FUNCTION = YES;
				GCC_WARN_UNUSED_VARIABLE = YES;
				IPHONEOS_DEPLOYMENT_TARGET = 12.0;
				MTL_ENABLE_DEBUG_INFO = INCLUDE_SOURCE;
				MTL_FAST_MATH = YES;
				ONLY_ACTIVE_ARCH = YES;
				SDKROOT = iphoneos;
				SWIFT_ACTIVE_COMPILATION_CONDITIONS = DEBUG;
				SWIFT_OPTIMIZATION_LEVEL = "-Onone";
			};
			name = Debug;
		};
		550195322177F6FB00B524EA /* Release */ = {
			isa = XCBuildConfiguration;
			buildSettings = {
				ALWAYS_SEARCH_USER_PATHS = NO;
				CLANG_ANALYZER_NONNULL = YES;
				CLANG_ANALYZER_NUMBER_OBJECT_CONVERSION = YES_AGGRESSIVE;
				CLANG_CXX_LANGUAGE_STANDARD = "gnu++14";
				CLANG_CXX_LIBRARY = "libc++";
				CLANG_ENABLE_MODULES = YES;
				CLANG_ENABLE_OBJC_ARC = YES;
				CLANG_ENABLE_OBJC_WEAK = YES;
				CLANG_WARN_BLOCK_CAPTURE_AUTORELEASING = YES;
				CLANG_WARN_BOOL_CONVERSION = YES;
				CLANG_WARN_COMMA = YES;
				CLANG_WARN_CONSTANT_CONVERSION = YES;
				CLANG_WARN_DEPRECATED_OBJC_IMPLEMENTATIONS = YES;
				CLANG_WARN_DIRECT_OBJC_ISA_USAGE = YES_ERROR;
				CLANG_WARN_DOCUMENTATION_COMMENTS = YES;
				CLANG_WARN_EMPTY_BODY = YES;
				CLANG_WARN_ENUM_CONVERSION = YES;
				CLANG_WARN_INFINITE_RECURSION = YES;
				CLANG_WARN_INT_CONVERSION = YES;
				CLANG_WARN_NON_LITERAL_NULL_CONVERSION = YES;
				CLANG_WARN_OBJC_IMPLICIT_RETAIN_SELF = YES;
				CLANG_WARN_OBJC_LITERAL_CONVERSION = YES;
				CLANG_WARN_OBJC_ROOT_CLASS = YES_ERROR;
				CLANG_WARN_RANGE_LOOP_ANALYSIS = YES;
				CLANG_WARN_STRICT_PROTOTYPES = YES;
				CLANG_WARN_SUSPICIOUS_MOVE = YES;
				CLANG_WARN_UNGUARDED_AVAILABILITY = YES_AGGRESSIVE;
				CLANG_WARN_UNREACHABLE_CODE = YES;
				CLANG_WARN__DUPLICATE_METHOD_MATCH = YES;
				CODE_SIGN_IDENTITY = "iPhone Developer";
				COPY_PHASE_STRIP = NO;
				DEBUG_INFORMATION_FORMAT = "dwarf-with-dsym";
				ENABLE_NS_ASSERTIONS = NO;
				ENABLE_STRICT_OBJC_MSGSEND = YES;
				GCC_C_LANGUAGE_STANDARD = gnu11;
				GCC_NO_COMMON_BLOCKS = YES;
				GCC_WARN_64_TO_32_BIT_CONVERSION = YES;
				GCC_WARN_ABOUT_RETURN_TYPE = YES_ERROR;
				GCC_WARN_UNDECLARED_SELECTOR = YES;
				GCC_WARN_UNINITIALIZED_AUTOS = YES_AGGRESSIVE;
				GCC_WARN_UNUSED_FUNCTION = YES;
				GCC_WARN_UNUSED_VARIABLE = YES;
				IPHONEOS_DEPLOYMENT_TARGET = 12.0;
				MTL_ENABLE_DEBUG_INFO = NO;
				MTL_FAST_MATH = YES;
				SDKROOT = iphoneos;
				SWIFT_COMPILATION_MODE = wholemodule;
				SWIFT_OPTIMIZATION_LEVEL = "-O";
				VALIDATE_PRODUCT = YES;
			};
			name = Release;
		};
		550195342177F6FB00B524EA /* Debug */ = {
			isa = XCBuildConfiguration;
			baseConfigurationReference = C8B7E4C8ED0FCB4BF6212EF5 /* Pods-StreamAudioTest.debug.xcconfig */;
			buildSettings = {
				ASSETCATALOG_COMPILER_APPICON_NAME = AppIcon;
				CODE_SIGN_STYLE = Automatic;
				DEVELOPMENT_TEAM = D3D7B5BPEZ;
				INFOPLIST_FILE = StreamAudioTest/Info.plist;
				LD_RUNPATH_SEARCH_PATHS = "$(inherited) @executable_path/Frameworks";
				PRODUCT_BUNDLE_IDENTIFIER = com.HighTreeDevelopment.StreamAudioTest;
				PRODUCT_NAME = "$(TARGET_NAME)";
				SWIFT_VERSION = 4.2;
				TARGETED_DEVICE_FAMILY = "1,2";
			};
			name = Debug;
		};
		550195352177F6FB00B524EA /* Release */ = {
			isa = XCBuildConfiguration;
			baseConfigurationReference = 3874071535BBB4B8FF42ADA5 /* Pods-StreamAudioTest.release.xcconfig */;
			buildSettings = {
				ASSETCATALOG_COMPILER_APPICON_NAME = AppIcon;
				CODE_SIGN_STYLE = Automatic;
				DEVELOPMENT_TEAM = D3D7B5BPEZ;
				INFOPLIST_FILE = StreamAudioTest/Info.plist;
				LD_RUNPATH_SEARCH_PATHS = "$(inherited) @executable_path/Frameworks";
				PRODUCT_BUNDLE_IDENTIFIER = com.HighTreeDevelopment.StreamAudioTest;
				PRODUCT_NAME = "$(TARGET_NAME)";
				SWIFT_VERSION = 4.2;
				TARGETED_DEVICE_FAMILY = "1,2";
			};
			name = Release;
		};
/* End XCBuildConfiguration section */

/* Begin XCConfigurationList section */
		5501951C2177F6FA00B524EA /* Build configuration list for PBXProject "StreamAudioTest" */ = {
			isa = XCConfigurationList;
			buildConfigurations = (
				550195312177F6FB00B524EA /* Debug */,
				550195322177F6FB00B524EA /* Release */,
			);
			defaultConfigurationIsVisible = 0;
			defaultConfigurationName = Release;
		};
		550195332177F6FB00B524EA /* Build configuration list for PBXNativeTarget "StreamAudioTest" */ = {
			isa = XCConfigurationList;
			buildConfigurations = (
				550195342177F6FB00B524EA /* Debug */,
				550195352177F6FB00B524EA /* Release */,
			);
			defaultConfigurationIsVisible = 0;
			defaultConfigurationName = Release;
		};
/* End XCConfigurationList section */
	};
	rootObject = 550195192177F6FA00B524EA /* Project object */;
}
